
Microsoft Visual Studio Solution File, Format Version 12.00
# Visual Studio 2015
Project("{8BC9CEB8-8B4A-11D0-8D11-00A0C91BC942}") = "MovieWriter", "MovieWriter.vcxproj", "{B7353261-E695-4BC3-B356-1C1D3335E83E}"
EndProject
Global
	GlobalSection(SolutionConfigurationPlatforms) = preSolution
		Debug|x64 = Debug|x64
		Release|x64 = Release|x64
	EndGlobalSection
	GlobalSection(ProjectConfigurationPlatforms) = postSolution
		{B7353261-E695-4BC3-B356-1C1D3335E83E}.Debug|x64.ActiveCfg = Debug|x64
		{B7353261-E695-4BC3-B356-1C1D3335E83E}.Debug|x64.Build.0 = Debug|x64
		{B7353261-E695-4BC3-B356-1C1D3335E83E}.Release|x64.ActiveCfg = Release|x64
		{B7353261-E695-4BC3-B356-1C1D3335E83E}.Release|x64.Build.0 = Release|x64
	EndGlobalSection
	GlobalSection(SolutionProperties) = preSolution
		HideSolutionNode = FALSE
	EndGlobalSection
EndGlobal
